
Microsoft Visual Studio Solution File, Format Version 12.00
# Visual Studio Version 17
VisualStudioVersion = 17.6.33829.357
MinimumVisualStudioVersion = 10.0.40219.1
Project("{9A19103F-16F7-4668-BE54-9A1E7A4F7556}") = "PageMaintenance-AngularProject", "PageMaintenance-AngularProject\PageMaintenance-AngularProject.csproj", "{6AFAAE14-6836-4B1A-9A7D-638E231C0C0B}"
EndProject
Project("{FAE04EC0-301F-11D3-BF4B-00C04F79EFBC}") = "PageMaintenanceAPI-Test", "PageMaintenanceAPI-Test\PageMaintenanceAPI-Test.csproj", "{C62DEDF7-B1FE-4A6B-9E7E-8F421C50C75C}"
EndProject
Global
	GlobalSection(SolutionConfigurationPlatforms) = preSolution
		Debug|Any CPU = Debug|Any CPU
		Release|Any CPU = Release|Any CPU
	EndGlobalSection
	GlobalSection(ProjectConfigurationPlatforms) = postSolution
		{6AFAAE14-6836-4B1A-9A7D-638E231C0C0B}.Debug|Any CPU.ActiveCfg = Debug|Any CPU
		{6AFAAE14-6836-4B1A-9A7D-638E231C0C0B}.Debug|Any CPU.Build.0 = Debug|Any CPU
		{6AFAAE14-6836-4B1A-9A7D-638E231C0C0B}.Release|Any CPU.ActiveCfg = Release|Any CPU
		{6AFAAE14-6836-4B1A-9A7D-638E231C0C0B}.Release|Any CPU.Build.0 = Release|Any CPU
		{C62DEDF7-B1FE-4A6B-9E7E-8F421C50C75C}.Debug|Any CPU.ActiveCfg = Debug|Any CPU
		{C62DEDF7-B1FE-4A6B-9E7E-8F421C50C75C}.Debug|Any CPU.Build.0 = Debug|Any CPU
		{C62DEDF7-B1FE-4A6B-9E7E-8F421C50C75C}.Release|Any CPU.ActiveCfg = Release|Any CPU
		{C62DEDF7-B1FE-4A6B-9E7E-8F421C50C75C}.Release|Any CPU.Build.0 = Release|Any CPU
	EndGlobalSection
	GlobalSection(SolutionProperties) = preSolution
		HideSolutionNode = FALSE
	EndGlobalSection
	GlobalSection(ExtensibilityGlobals) = postSolution
		SolutionGuid = {CFDA7BE5-84D8-4522-99CE-7ABAEA35BD1A}
	EndGlobalSection
EndGlobal
